dependencies:
  espressif/cmake_utilities:
    component_hash: 351350613ceafba240b761b4ea991e0f231ac7a9f59a9ee901f751bddc0bb18f
    dependencies:
    - name: idf
      require: private
      version: '>=4.1'
    source:
      registry_url: https://components.espressif.com
      type: service
    version: 0.5.3
  espressif/esp_lcd_jd9365:
    component_hash: 584a6fa9f0f43d5ff1b478f5757e64f4af2aafa97cacb05abd16552cb6fb9d34
    dependencies:
    - name: espressif/cmake_utilities
      registry_url: https://components.espressif.com
      require: private
      version: 0.*
    - name: idf
      require: private
      version: '>=5.3'
    source:
      registry_url: https://components.espressif.com/
      type: service
    targets:
    - esp32p4
    version: 1.0.2
  idf:
    source:
      type: idf
    version: 5.5.0
direct_dependencies:
- espressif/esp_lcd_jd9365
manifest_hash: 9f860dd24452ca9a34e3905c22f254b9f0f11b0909df405af025f4bd0137f164
target: esp32p4
version: 2.0.0
